// !$*UTF8*$!
{
	archiveVersion = 1;
	classes = {
	};
	objectVersion = 56;
	objects = {

/* Begin PBXBuildFile section */
		C91FBE4F29B7BF1A0010AB08 /* AppDelegate.swift in Sources */ = {isa = PBXBuildFile; fileRef = C91FBE4E29B7BF1A0010AB08 /* AppDelegate.swift */; };
		C91FBE5129B7BF1A0010AB08 /* SceneDelegate.swift in Sources */ = {isa = PBXBuildFile; fileRef = C91FBE5029B7BF1A0010AB08 /* SceneDelegate.swift */; };
		C91FBE5329B7BF1A0010AB08 /* ViewController.swift in Sources */ = {isa = PBXBuildFile; fileRef = C91FBE5229B7BF1A0010AB08 /* ViewController.swift */; };
		C91FBE5629B7BF1A0010AB08 /* Main.storyboard in Resources */ = {isa = PBXBuildFile; fileRef = C91FBE5429B7BF1A0010AB08 /* Main.storyboard */; };
		C91FBE5829B7BF1C0010AB08 /* Assets.xcassets in Resources */ = {isa = PBXBuildFile; fileRef = C91FBE5729B7BF1C0010AB08 /* Assets.xcassets */; };
		C91FBE5B29B7BF1C0010AB08 /* LaunchScreen.storyboard in Resources */ = {isa = PBXBuildFile; fileRef = C91FBE5929B7BF1C0010AB08 /* LaunchScreen.storyboard */; };
		C91FBE6829B7C11F0010AB08 /* LoginPresenter.swift in Sources */ = {isa = PBXBuildFile; fileRef = C91FBE6729B7C11F0010AB08 /* LoginPresenter.swift */; };
		C91FBE6A29B7C1710010AB08 /* LoginInteractor.swift in Sources */ = {isa = PBXBuildFile; fileRef = C91FBE6929B7C1710010AB08 /* LoginInteractor.swift */; };
		C91FBE6C29B7C1870010AB08 /* LoginEntity.swift in Sources */ = {isa = PBXBuildFile; fileRef = C91FBE6B29B7C1870010AB08 /* LoginEntity.swift */; };
		C91FBE6E29B7C19A0010AB08 /* LoginRouter.swift in Sources */ = {isa = PBXBuildFile; fileRef = C91FBE6D29B7C19A0010AB08 /* LoginRouter.swift */; };
		C91FBE7029B7C1B20010AB08 /* LoginAssembly.swift in Sources */ = {isa = PBXBuildFile; fileRef = C91FBE6F29B7C1B20010AB08 /* LoginAssembly.swift */; };
		C91FBE7329B7C2E10010AB08 /* NavigationBuilder.swift in Sources */ = {isa = PBXBuildFile; fileRef = C91FBE7229B7C2E10010AB08 /* NavigationBuilder.swift */; };
		C91FBE7629B7C4590010AB08 /* LoginViewController.swift in Sources */ = {isa = PBXBuildFile; fileRef = C91FBE7429B7C4590010AB08 /* LoginViewController.swift */; };
		C91FBE7729B7C4590010AB08 /* LoginViewController.xib in Resources */ = {isa = PBXBuildFile; fileRef = C91FBE7529B7C4590010AB08 /* LoginViewController.xib */; };
		C91FBE7B29B7CEB40010AB08 /* Overlay.swift in Sources */ = {isa = PBXBuildFile; fileRef = C91FBE7A29B7CEB40010AB08 /* Overlay.swift */; };
		C91FBE7F29B7D25B0010AB08 /* HomeViewController.swift in Sources */ = {isa = PBXBuildFile; fileRef = C91FBE7D29B7D25B0010AB08 /* HomeViewController.swift */; };
		C91FBE8029B7D25B0010AB08 /* HomeViewController.xib in Resources */ = {isa = PBXBuildFile; fileRef = C91FBE7E29B7D25B0010AB08 /* HomeViewController.xib */; };
		C91FBE8229B7D2AE0010AB08 /* HomeInteractor.swift in Sources */ = {isa = PBXBuildFile; fileRef = C91FBE8129B7D2AE0010AB08 /* HomeInteractor.swift */; };
		C91FBE8429B7D2C20010AB08 /* HomePresenter.swift in Sources */ = {isa = PBXBuildFile; fileRef = C91FBE8329B7D2C20010AB08 /* HomePresenter.swift */; };
		C91FBE8629B7D2D20010AB08 /* HomeEntity.swift in Sources */ = {isa = PBXBuildFile; fileRef = C91FBE8529B7D2D20010AB08 /* HomeEntity.swift */; };
		C91FBE8829B7D2E70010AB08 /* HomeRouter.swift in Sources */ = {isa = PBXBuildFile; fileRef = C91FBE8729B7D2E70010AB08 /* HomeRouter.swift */; };
		C91FBE8A29B7D2F80010AB08 /* HomeAssembly.swift in Sources */ = {isa = PBXBuildFile; fileRef = C91FBE8929B7D2F80010AB08 /* HomeAssembly.swift */; };
		C91FBE8E29B7D98C0010AB08 /* HomeViewCell.swift in Sources */ = {isa = PBXBuildFile; fileRef = C91FBE8C29B7D98C0010AB08 /* HomeViewCell.swift */; };
		C91FBE8F29B7D98C0010AB08 /* HomeViewCell.xib in Resources */ = {isa = PBXBuildFile; fileRef = C91FBE8D29B7D98C0010AB08 /* HomeViewCell.xib */; };
		C91FBE9329B7E2EE0010AB08 /* DetailViewController.swift in Sources */ = {isa = PBXBuildFile; fileRef = C91FBE9129B7E2EE0010AB08 /* DetailViewController.swift */; };
		C91FBE9429B7E2EE0010AB08 /* DetailViewController.xib in Resources */ = {isa = PBXBuildFile; fileRef = C91FBE9229B7E2EE0010AB08 /* DetailViewController.xib */; };
		C91FBE9629B7E3190010AB08 /* DetailInteractor.swift in Sources */ = {isa = PBXBuildFile; fileRef = C91FBE9529B7E3190010AB08 /* DetailInteractor.swift */; };
		C91FBE9829B7E32E0010AB08 /* DetailPresenter.swift in Sources */ = {isa = PBXBuildFile; fileRef = C91FBE9729B7E32E0010AB08 /* DetailPresenter.swift */; };
		C91FBE9A29B7E3440010AB08 /* DetailRouter.swift in Sources */ = {isa = PBXBuildFile; fileRef = C91FBE9929B7E3440010AB08 /* DetailRouter.swift */; };
		C91FBE9C29B7E35A0010AB08 /* DetailAssembly.swift in Sources */ = {isa = PBXBuildFile; fileRef = C91FBE9B29B7E35A0010AB08 /* DetailAssembly.swift */; };
		C983DC4029B805770055B772 /* ProfileViewController.swift in Sources */ = {isa = PBXBuildFile; fileRef = C983DC3E29B805770055B772 /* ProfileViewController.swift */; };
		C983DC4129B805770055B772 /* ProfileViewController.xib in Resources */ = {isa = PBXBuildFile; fileRef = C983DC3F29B805770055B772 /* ProfileViewController.xib */; };
		C983DC4329B805A70055B772 /* ProfileInteractor.swift in Sources */ = {isa = PBXBuildFile; fileRef = C983DC4229B805A70055B772 /* ProfileInteractor.swift */; };
		C983DC4529B828F80055B772 /* ProfilePresenter.swift in Sources */ = {isa = PBXBuildFile; fileRef = C983DC4429B828F80055B772 /* ProfilePresenter.swift */; };
		C983DC4729B829090055B772 /* ProfileRouter.swift in Sources */ = {isa = PBXBuildFile; fileRef = C983DC4629B829090055B772 /* ProfileRouter.swift */; };
		C983DC4929B829220055B772 /* ProfileEntity.swift in Sources */ = {isa = PBXBuildFile; fileRef = C983DC4829B829220055B772 /* ProfileEntity.swift */; };
		C983DC4B29B829320055B772 /* ProfileAssembly.swift in Sources */ = {isa = PBXBuildFile; fileRef = C983DC4A29B829320055B772 /* ProfileAssembly.swift */; };
/* End PBXBuildFile section */

/* Begin PBXFileReference section */
		C91FBE4B29B7BF1A0010AB08 /* Coppel.app */ = {isa = PBXFileReference; explicitFileType = wrapper.application; includeInIndex = 0; path = Coppel.app; sourceTree = BUILT_PRODUCTS_DIR; };
		C91FBE4E29B7BF1A0010AB08 /* AppDelegate.swift */ = {isa = PBXFileReference; lastKnownFileType = sourcecode.swift; path = AppDelegate.swift; sourceTree = "<group>"; };
		C91FBE5029B7BF1A0010AB08 /* SceneDelegate.swift */ = {isa = PBXFileReference; lastKnownFileType = sourcecode.swift; path = SceneDelegate.swift; sourceTree = "<group>"; };
		C91FBE5229B7BF1A0010AB08 /* ViewController.swift */ = {isa = PBXFileReference; lastKnownFileType = sourcecode.swift; path = ViewController.swift; sourceTree = "<group>"; };
		C91FBE5529B7BF1A0010AB08 /* Base */ = {isa = PBXFileReference; lastKnownFileType = file.storyboard; name = Base; path = Base.lproj/Main.storyboard; sourceTree = "<group>"; };
		C91FBE5729B7BF1C0010AB08 /* Assets.xcassets */ = {isa = PBXFileReference; lastKnownFileType = folder.assetcatalog; path = Assets.xcassets; sourceTree = "<group>"; };
		C91FBE5A29B7BF1C0010AB08 /* Base */ = {isa = PBXFileReference; lastKnownFileType = file.storyboard; name = Base; path = Base.lproj/LaunchScreen.storyboard; sourceTree = "<group>"; };
		C91FBE5C29B7BF1C0010AB08 /* Info.plist */ = {isa = PBXFileReference; lastKnownFileType = text.plist.xml; path = Info.plist; sourceTree = "<group>"; };
		C91FBE6729B7C11F0010AB08 /* LoginPresenter.swift */ = {isa = PBXFileReference; lastKnownFileType = sourcecode.swift; path = LoginPresenter.swift; sourceTree = "<group>"; };
		C91FBE6929B7C1710010AB08 /* LoginInteractor.swift */ = {isa = PBXFileReference; lastKnownFileType = sourcecode.swift; path = LoginInteractor.swift; sourceTree = "<group>"; };
		C91FBE6B29B7C1870010AB08 /* LoginEntity.swift */ = {isa = PBXFileReference; lastKnownFileType = sourcecode.swift; path = LoginEntity.swift; sourceTree = "<group>"; };
		C91FBE6D29B7C19A0010AB08 /* LoginRouter.swift */ = {isa = PBXFileReference; lastKnownFileType = sourcecode.swift; path = LoginRouter.swift; sourceTree = "<group>"; };
		C91FBE6F29B7C1B20010AB08 /* LoginAssembly.swift */ = {isa = PBXFileReference; lastKnownFileType = sourcecode.swift; path = LoginAssembly.swift; sourceTree = "<group>"; };
		C91FBE7229B7C2E10010AB08 /* NavigationBuilder.swift */ = {isa = PBXFileReference; lastKnownFileType = sourcecode.swift; path = NavigationBuilder.swift; sourceTree = "<group>"; };
		C91FBE7429B7C4590010AB08 /* LoginViewController.swift */ = {isa = PBXFileReference; lastKnownFileType = sourcecode.swift; path = LoginViewController.swift; sourceTree = "<group>"; };
		C91FBE7529B7C4590010AB08 /* LoginViewController.xib */ = {isa = PBXFileReference; lastKnownFileType = file.xib; path = LoginViewController.xib; sourceTree = "<group>"; };
		C91FBE7A29B7CEB40010AB08 /* Overlay.swift */ = {isa = PBXFileReference; lastKnownFileType = sourcecode.swift; path = Overlay.swift; sourceTree = "<group>"; };
		C91FBE7D29B7D25B0010AB08 /* HomeViewController.swift */ = {isa = PBXFileReference; lastKnownFileType = sourcecode.swift; path = HomeViewController.swift; sourceTree = "<group>"; };
		C91FBE7E29B7D25B0010AB08 /* HomeViewController.xib */ = {isa = PBXFileReference; lastKnownFileType = file.xib; path = HomeViewController.xib; sourceTree = "<group>"; };
		C91FBE8129B7D2AE0010AB08 /* HomeInteractor.swift */ = {isa = PBXFileReference; lastKnownFileType = sourcecode.swift; path = HomeInteractor.swift; sourceTree = "<group>"; };
		C91FBE8329B7D2C20010AB08 /* HomePresenter.swift */ = {isa = PBXFileReference; lastKnownFileType = sourcecode.swift; path = HomePresenter.swift; sourceTree = "<group>"; };
		C91FBE8529B7D2D20010AB08 /* HomeEntity.swift */ = {isa = PBXFileReference; lastKnownFileType = sourcecode.swift; path = HomeEntity.swift; sourceTree = "<group>"; };
		C91FBE8729B7D2E70010AB08 /* HomeRouter.swift */ = {isa = PBXFileReference; lastKnownFileType = sourcecode.swift; path = HomeRouter.swift; sourceTree = "<group>"; };
		C91FBE8929B7D2F80010AB08 /* HomeAssembly.swift */ = {isa = PBXFileReference; lastKnownFileType = sourcecode.swift; path = HomeAssembly.swift; sourceTree = "<group>"; };
		C91FBE8C29B7D98C0010AB08 /* HomeViewCell.swift */ = {isa = PBXFileReference; lastKnownFileType = sourcecode.swift; path = HomeViewCell.swift; sourceTree = "<group>"; };
		C91FBE8D29B7D98C0010AB08 /* HomeViewCell.xib */ = {isa = PBXFileReference; lastKnownFileType = file.xib; path = HomeViewCell.xib; sourceTree = "<group>"; };
		C91FBE9129B7E2EE0010AB08 /* DetailViewController.swift */ = {isa = PBXFileReference; lastKnownFileType = sourcecode.swift; path = DetailViewController.swift; sourceTree = "<group>"; };
		C91FBE9229B7E2EE0010AB08 /* DetailViewController.xib */ = {isa = PBXFileReference; lastKnownFileType = file.xib; path = DetailViewController.xib; sourceTree = "<group>"; };
		C91FBE9529B7E3190010AB08 /* DetailInteractor.swift */ = {isa = PBXFileReference; lastKnownFileType = sourcecode.swift; path = DetailInteractor.swift; sourceTree = "<group>"; };
		C91FBE9729B7E32E0010AB08 /* DetailPresenter.swift */ = {isa = PBXFileReference; lastKnownFileType = sourcecode.swift; path = DetailPresenter.swift; sourceTree = "<group>"; };
		C91FBE9929B7E3440010AB08 /* DetailRouter.swift */ = {isa = PBXFileReference; lastKnownFileType = sourcecode.swift; path = DetailRouter.swift; sourceTree = "<group>"; };
		C91FBE9B29B7E35A0010AB08 /* DetailAssembly.swift */ = {isa = PBXFileReference; lastKnownFileType = sourcecode.swift; path = DetailAssembly.swift; sourceTree = "<group>"; };
		C983DC3E29B805770055B772 /* ProfileViewController.swift */ = {isa = PBXFileReference; lastKnownFileType = sourcecode.swift; path = ProfileViewController.swift; sourceTree = "<group>"; };
		C983DC3F29B805770055B772 /* ProfileViewController.xib */ = {isa = PBXFileReference; lastKnownFileType = file.xib; path = ProfileViewController.xib; sourceTree = "<group>"; };
		C983DC4229B805A70055B772 /* ProfileInteractor.swift */ = {isa = PBXFileReference; lastKnownFileType = sourcecode.swift; path = ProfileInteractor.swift; sourceTree = "<group>"; };
		C983DC4429B828F80055B772 /* ProfilePresenter.swift */ = {isa = PBXFileReference; lastKnownFileType = sourcecode.swift; path = ProfilePresenter.swift; sourceTree = "<group>"; };
		C983DC4629B829090055B772 /* ProfileRouter.swift */ = {isa = PBXFileReference; lastKnownFileType = sourcecode.swift; path = ProfileRouter.swift; sourceTree = "<group>"; };
		C983DC4829B829220055B772 /* ProfileEntity.swift */ = {isa = PBXFileReference; lastKnownFileType = sourcecode.swift; path = ProfileEntity.swift; sourceTree = "<group>"; };
		C983DC4A29B829320055B772 /* ProfileAssembly.swift */ = {isa = PBXFileReference; lastKnownFileType = sourcecode.swift; path = ProfileAssembly.swift; sourceTree = "<group>"; };
/* End PBXFileReference section */

/* Begin PBXFrameworksBuildPhase section */
		C91FBE4829B7BF1A0010AB08 /* Frameworks */ = {
			isa = PBXFrameworksBuildPhase;
			buildActionMask = 2147483647;
			files = (
			);
			runOnlyForDeploymentPostprocessing = 0;
		};
/* End PBXFrameworksBuildPhase section */

/* Begin PBXGroup section */
		C91FBE4229B7BF1A0010AB08 = {
			isa = PBXGroup;
			children = (
				C91FBE4D29B7BF1A0010AB08 /* Coppel */,
				C91FBE4C29B7BF1A0010AB08 /* Products */,
			);
			sourceTree = "<group>";
		};
		C91FBE4C29B7BF1A0010AB08 /* Products */ = {
			isa = PBXGroup;
			children = (
				C91FBE4B29B7BF1A0010AB08 /* Coppel.app */,
			);
			name = Products;
			sourceTree = "<group>";
		};
		C91FBE4D29B7BF1A0010AB08 /* Coppel */ = {
			isa = PBXGroup;
			children = (
				C91FBE7929B7CE9C0010AB08 /* Utils */,
				C91FBE9D29B805190010AB08 /* Profile */,
				C91FBE7C29B7D23C0010AB08 /* Home */,
				C91FBE6229B7C0DC0010AB08 /* Login */,
				C91FBE4E29B7BF1A0010AB08 /* AppDelegate.swift */,
				C91FBE5029B7BF1A0010AB08 /* SceneDelegate.swift */,
				C91FBE5229B7BF1A0010AB08 /* ViewController.swift */,
				C91FBE5429B7BF1A0010AB08 /* Main.storyboard */,
				C91FBE5729B7BF1C0010AB08 /* Assets.xcassets */,
				C91FBE5929B7BF1C0010AB08 /* LaunchScreen.storyboard */,
				C91FBE5C29B7BF1C0010AB08 /* Info.plist */,
			);
			path = Coppel;
			sourceTree = "<group>";
		};
		C91FBE6229B7C0DC0010AB08 /* Login */ = {
			isa = PBXGroup;
			children = (
				C91FBE7429B7C4590010AB08 /* LoginViewController.swift */,
				C91FBE7529B7C4590010AB08 /* LoginViewController.xib */,
				C91FBE6729B7C11F0010AB08 /* LoginPresenter.swift */,
				C91FBE6929B7C1710010AB08 /* LoginInteractor.swift */,
				C91FBE6B29B7C1870010AB08 /* LoginEntity.swift */,
				C91FBE6D29B7C19A0010AB08 /* LoginRouter.swift */,
				C91FBE6F29B7C1B20010AB08 /* LoginAssembly.swift */,
			);
			path = Login;
			sourceTree = "<group>";
		};
		C91FBE7129B7C2BA0010AB08 /* Navigation */ = {
			isa = PBXGroup;
			children = (
				C91FBE7229B7C2E10010AB08 /* NavigationBuilder.swift */,
			);
			path = Navigation;
			sourceTree = "<group>";
		};
		C91FBE7829B7CE940010AB08 /* Overlay */ = {
			isa = PBXGroup;
			children = (
				C91FBE7A29B7CEB40010AB08 /* Overlay.swift */,
			);
			path = Overlay;
			sourceTree = "<group>";
		};
		C91FBE7929B7CE9C0010AB08 /* Utils */ = {
			isa = PBXGroup;
			children = (
				C91FBE7829B7CE940010AB08 /* Overlay */,
				C91FBE7129B7C2BA0010AB08 /* Navigation */,
			);
			path = Utils;
			sourceTree = "<group>";
		};
		C91FBE7C29B7D23C0010AB08 /* Home */ = {
			isa = PBXGroup;
			children = (
				C91FBE9029B7E2B10010AB08 /* Detail */,
				C91FBE8B29B7D9650010AB08 /* Cell */,
				C91FBE7D29B7D25B0010AB08 /* HomeViewController.swift */,
				C91FBE7E29B7D25B0010AB08 /* HomeViewController.xib */,
				C91FBE8129B7D2AE0010AB08 /* HomeInteractor.swift */,
				C91FBE8329B7D2C20010AB08 /* HomePresenter.swift */,
				C91FBE8529B7D2D20010AB08 /* HomeEntity.swift */,
				C91FBE8729B7D2E70010AB08 /* HomeRouter.swift */,
				C91FBE8929B7D2F80010AB08 /* HomeAssembly.swift */,
			);
			path = Home;
			sourceTree = "<group>";
		};
		C91FBE8B29B7D9650010AB08 /* Cell */ = {
			isa = PBXGroup;
			children = (
				C91FBE8C29B7D98C0010AB08 /* HomeViewCell.swift */,
				C91FBE8D29B7D98C0010AB08 /* HomeViewCell.xib */,
			);
			path = Cell;
			sourceTree = "<group>";
		};
		C91FBE9029B7E2B10010AB08 /* Detail */ = {
			isa = PBXGroup;
			children = (
				C91FBE9129B7E2EE0010AB08 /* DetailViewController.swift */,
				C91FBE9229B7E2EE0010AB08 /* DetailViewController.xib */,
				C91FBE9529B7E3190010AB08 /* DetailInteractor.swift */,
				C91FBE9729B7E32E0010AB08 /* DetailPresenter.swift */,
				C91FBE9929B7E3440010AB08 /* DetailRouter.swift */,
				C91FBE9B29B7E35A0010AB08 /* DetailAssembly.swift */,
			);
			path = Detail;
			sourceTree = "<group>";
		};
		C91FBE9D29B805190010AB08 /* Profile */ = {
			isa = PBXGroup;
			children = (
				C983DC3E29B805770055B772 /* ProfileViewController.swift */,
				C983DC3F29B805770055B772 /* ProfileViewController.xib */,
				C983DC4229B805A70055B772 /* ProfileInteractor.swift */,
				C983DC4429B828F80055B772 /* ProfilePresenter.swift */,
				C983DC4629B829090055B772 /* ProfileRouter.swift */,
				C983DC4829B829220055B772 /* ProfileEntity.swift */,
				C983DC4A29B829320055B772 /* ProfileAssembly.swift */,
			);
			path = Profile;
			sourceTree = "<group>";
		};
/* End PBXGroup section */

/* Begin PBXNativeTarget section */
		C91FBE4A29B7BF1A0010AB08 /* Coppel */ = {
			isa = PBXNativeTarget;
			buildConfigurationList = C91FBE5F29B7BF1C0010AB08 /* Build configuration list for PBXNativeTarget "Coppel" */;
			buildPhases = (
				C91FBE4729B7BF1A0010AB08 /* Sources */,
				C91FBE4829B7BF1A0010AB08 /* Frameworks */,
				C91FBE4929B7BF1A0010AB08 /* Resources */,
			);
			buildRules = (
			);
			dependencies = (
			);
			name = Coppel;
			productName = Coppel;
			productReference = C91FBE4B29B7BF1A0010AB08 /* Coppel.app */;
			productType = "com.apple.product-type.application";
		};
/* End PBXNativeTarget section */

/* Begin PBXProject section */
		C91FBE4329B7BF1A0010AB08 /* Project object */ = {
			isa = PBXProject;
			attributes = {
				BuildIndependentTargetsInParallel = 1;
				LastSwiftUpdateCheck = 1420;
				LastUpgradeCheck = 1420;
				TargetAttributes = {
					C91FBE4A29B7BF1A0010AB08 = {
						CreatedOnToolsVersion = 14.2;
					};
				};
			};
			buildConfigurationList = C91FBE4629B7BF1A0010AB08 /* Build configuration list for PBXProject "Coppel" */;
			compatibilityVersion = "Xcode 14.0";
			developmentRegion = en;
			hasScannedForEncodings = 0;
			knownRegions = (
				en,
				Base,
			);
			mainGroup = C91FBE4229B7BF1A0010AB08;
			productRefGroup = C91FBE4C29B7BF1A0010AB08 /* Products */;
			projectDirPath = "";
			projectRoot = "";
			targets = (
				C91FBE4A29B7BF1A0010AB08 /* Coppel */,
			);
		};
/* End PBXProject section */

/* Begin PBXResourcesBuildPhase section */
		C91FBE4929B7BF1A0010AB08 /* Resources */ = {
			isa = PBXResourcesBuildPhase;
			buildActionMask = 2147483647;
			files = (
				C91FBE7729B7C4590010AB08 /* LoginViewController.xib in Resources */,
				C91FBE5B29B7BF1C0010AB08 /* LaunchScreen.storyboard in Resources */,
				C983DC4129B805770055B772 /* ProfileViewController.xib in Resources */,
				C91FBE9429B7E2EE0010AB08 /* DetailViewController.xib in Resources */,
				C91FBE8029B7D25B0010AB08 /* HomeViewController.xib in Resources */,
				C91FBE8F29B7D98C0010AB08 /* HomeViewCell.xib in Resources */,
				C91FBE5829B7BF1C0010AB08 /* Assets.xcassets in Resources */,
				C91FBE5629B7BF1A0010AB08 /* Main.storyboard in Resources */,
			);
			runOnlyForDeploymentPostprocessing = 0;
		};
/* End PBXResourcesBuildPhase section */

/* Begin PBXSourcesBuildPhase section */
		C91FBE4729B7BF1A0010AB08 /* Sources */ = {
			isa = PBXSourcesBuildPhase;
			buildActionMask = 2147483647;
			files = (
				C91FBE5329B7BF1A0010AB08 /* ViewController.swift in Sources */,
				C91FBE9A29B7E3440010AB08 /* DetailRouter.swift in Sources */,
				C91FBE6A29B7C1710010AB08 /* LoginInteractor.swift in Sources */,
				C91FBE4F29B7BF1A0010AB08 /* AppDelegate.swift in Sources */,
				C91FBE5129B7BF1A0010AB08 /* SceneDelegate.swift in Sources */,
				C91FBE6C29B7C1870010AB08 /* LoginEntity.swift in Sources */,
				C983DC4029B805770055B772 /* ProfileViewController.swift in Sources */,
				C91FBE9829B7E32E0010AB08 /* DetailPresenter.swift in Sources */,
				C91FBE8829B7D2E70010AB08 /* HomeRouter.swift in Sources */,
				C91FBE8A29B7D2F80010AB08 /* HomeAssembly.swift in Sources */,
				C91FBE6E29B7C19A0010AB08 /* LoginRouter.swift in Sources */,
				C91FBE7029B7C1B20010AB08 /* LoginAssembly.swift in Sources */,
				C983DC4929B829220055B772 /* ProfileEntity.swift in Sources */,
				C983DC4529B828F80055B772 /* ProfilePresenter.swift in Sources */,
				C91FBE8429B7D2C20010AB08 /* HomePresenter.swift in Sources */,
				C91FBE9329B7E2EE0010AB08 /* DetailViewController.swift in Sources */,
				C91FBE9629B7E3190010AB08 /* DetailInteractor.swift in Sources */,
				C91FBE8229B7D2AE0010AB08 /* HomeInteractor.swift in Sources */,
				C91FBE7B29B7CEB40010AB08 /* Overlay.swift in Sources */,
				C91FBE6829B7C11F0010AB08 /* LoginPresenter.swift in Sources */,
				C91FBE7629B7C4590010AB08 /* LoginViewController.swift in Sources */,
				C91FBE7329B7C2E10010AB08 /* NavigationBuilder.swift in Sources */,
				C983DC4729B829090055B772 /* ProfileRouter.swift in Sources */,
				C91FBE9C29B7E35A0010AB08 /* DetailAssembly.swift in Sources */,
				C91FBE8629B7D2D20010AB08 /* HomeEntity.swift in Sources */,
				C983DC4329B805A70055B772 /* ProfileInteractor.swift in Sources */,
				C91FBE7F29B7D25B0010AB08 /* HomeViewController.swift in Sources */,
				C983DC4B29B829320055B772 /* ProfileAssembly.swift in Sources */,
				C91FBE8E29B7D98C0010AB08 /* HomeViewCell.swift in Sources */,
			);
			runOnlyForDeploymentPostprocessing = 0;
		};
/* End PBXSourcesBuildPhase section */

/* Begin PBXVariantGroup section */
		C91FBE5429B7BF1A0010AB08 /* Main.storyboard */ = {
			isa = PBXVariantGroup;
			children = (
				C91FBE5529B7BF1A0010AB08 /* Base */,
			);
			name = Main.storyboard;
			sourceTree = "<group>";
		};
		C91FBE5929B7BF1C0010AB08 /* LaunchScreen.storyboard */ = {
			isa = PBXVariantGroup;
			children = (
				C91FBE5A29B7BF1C0010AB08 /* Base */,
			);
			name = LaunchScreen.storyboard;
			sourceTree = "<group>";
		};
/* End PBXVariantGroup section */

/* Begin XCBuildConfiguration section */
		C91FBE5D29B7BF1C0010AB08 /* Debug */ = {
			isa = XCBuildConfiguration;
			buildSettings = {
				ALWAYS_SEARCH_USER_PATHS = NO;
				CLANG_ANALYZER_NONNULL = YES;
				CLANG_ANALYZER_NUMBER_OBJECT_CONVERSION = YES_AGGRESSIVE;
				CLANG_CXX_LANGUAGE_STANDARD = "gnu++20";
				CLANG_ENABLE_MODULES = YES;
				CLANG_ENABLE_OBJC_ARC = YES;
				CLANG_ENABLE_OBJC_WEAK = YES;
				CLANG_WARN_BLOCK_CAPTURE_AUTORELEASING = YES;
				CLANG_WARN_BOOL_CONVERSION = YES;
				CLANG_WARN_COMMA = YES;
				CLANG_WARN_CONSTANT_CONVERSION = YES;
				CLANG_WARN_DEPRECATED_OBJC_IMPLEMENTATIONS = YES;
				CLANG_WARN_DIRECT_OBJC_ISA_USAGE = YES_ERROR;
				CLANG_WARN_DOCUMENTATION_COMMENTS = YES;
				CLANG_WARN_EMPTY_BODY = YES;
				CLANG_WARN_ENUM_CONVERSION = YES;
				CLANG_WARN_INFINITE_RECURSION = YES;
				CLANG_WARN_INT_CONVERSION = YES;
				CLANG_WARN_NON_LITERAL_NULL_CONVERSION = YES;
				CLANG_WARN_OBJC_IMPLICIT_RETAIN_SELF = YES;
				CLANG_WARN_OBJC_LITERAL_CONVERSION = YES;
				CLANG_WARN_OBJC_ROOT_CLASS = YES_ERROR;
				CLANG_WARN_QUOTED_INCLUDE_IN_FRAMEWORK_HEADER = YES;
				CLANG_WARN_RANGE_LOOP_ANALYSIS = YES;
				CLANG_WARN_STRICT_PROTOTYPES = YES;
				CLANG_WARN_SUSPICIOUS_MOVE = YES;
				CLANG_WARN_UNGUARDED_AVAILABILITY = YES_AGGRESSIVE;
				CLANG_WARN_UNREACHABLE_CODE = YES;
				CLANG_WARN__DUPLICATE_METHOD_MATCH = YES;
				COPY_PHASE_STRIP = NO;
				DEBUG_INFORMATION_FORMAT = dwarf;
				ENABLE_STRICT_OBJC_MSGSEND = YES;
				ENABLE_TESTABILITY = YES;
				GCC_C_LANGUAGE_STANDARD = gnu11;
				GCC_DYNAMIC_NO_PIC = NO;
				GCC_NO_COMMON_BLOCKS = YES;
				GCC_OPTIMIZATION_LEVEL = 0;
				GCC_PREPROCESSOR_DEFINITIONS = (
					"DEBUG=1",
					"$(inherited)",
				);
				GCC_WARN_64_TO_32_BIT_CONVERSION = YES;
				GCC_WARN_ABOUT_RETURN_TYPE = YES_ERROR;
				GCC_WARN_UNDECLARED_SELECTOR = YES;
				GCC_WARN_UNINITIALIZED_AUTOS = YES_AGGRESSIVE;
				GCC_WARN_UNUSED_FUNCTION = YES;
				GCC_WARN_UNUSED_VARIABLE = YES;
				IPHONEOS_DEPLOYMENT_TARGET = 16.2;
				MTL_ENABLE_DEBUG_INFO = INCLUDE_SOURCE;
				MTL_FAST_MATH = YES;
				ONLY_ACTIVE_ARCH = YES;
				SDKROOT = iphoneos;
				SWIFT_ACTIVE_COMPILATION_CONDITIONS = DEBUG;
				SWIFT_OPTIMIZATION_LEVEL = "-Onone";
			};
			name = Debug;
		};
		C91FBE5E29B7BF1C0010AB08 /* Release */ = {
			isa = XCBuildConfiguration;
			buildSettings = {
				ALWAYS_SEARCH_USER_PATHS = NO;
				CLANG_ANALYZER_NONNULL = YES;
				CLANG_ANALYZER_NUMBER_OBJECT_CONVERSION = YES_AGGRESSIVE;
				CLANG_CXX_LANGUAGE_STANDARD = "gnu++20";
				CLANG_ENABLE_MODULES = YES;
				CLANG_ENABLE_OBJC_ARC = YES;
				CLANG_ENABLE_OBJC_WEAK = YES;
				CLANG_WARN_BLOCK_CAPTURE_AUTORELEASING = YES;
				CLANG_WARN_BOOL_CONVERSION = YES;
				CLANG_WARN_COMMA = YES;
				CLANG_WARN_CONSTANT_CONVERSION = YES;
				CLANG_WARN_DEPRECATED_OBJC_IMPLEMENTATIONS = YES;
				CLANG_WARN_DIRECT_OBJC_ISA_USAGE = YES_ERROR;
				CLANG_WARN_DOCUMENTATION_COMMENTS = YES;
				CLANG_WARN_EMPTY_BODY = YES;
				CLANG_WARN_ENUM_CONVERSION = YES;
				CLANG_WARN_INFINITE_RECURSION = YES;
				CLANG_WARN_INT_CONVERSION = YES;
				CLANG_WARN_NON_LITERAL_NULL_CONVERSION = YES;
				CLANG_WARN_OBJC_IMPLICIT_RETAIN_SELF = YES;
				CLANG_WARN_OBJC_LITERAL_CONVERSION = YES;
				CLANG_WARN_OBJC_ROOT_CLASS = YES_ERROR;
				CLANG_WARN_QUOTED_INCLUDE_IN_FRAMEWORK_HEADER = YES;
				CLANG_WARN_RANGE_LOOP_ANALYSIS = YES;
				CLANG_WARN_STRICT_PROTOTYPES = YES;
				CLANG_WARN_SUSPICIOUS_MOVE = YES;
				CLANG_WARN_UNGUARDED_AVAILABILITY = YES_AGGRESSIVE;
				CLANG_WARN_UNREACHABLE_CODE = YES;
				CLANG_WARN__DUPLICATE_METHOD_MATCH = YES;
				COPY_PHASE_STRIP = NO;
				DEBUG_INFORMATION_FORMAT = "dwarf-with-dsym";
				ENABLE_NS_ASSERTIONS = NO;
				ENABLE_STRICT_OBJC_MSGSEND = YES;
				GCC_C_LANGUAGE_STANDARD = gnu11;
				GCC_NO_COMMON_BLOCKS = YES;
				GCC_WARN_64_TO_32_BIT_CONVERSION = YES;
				GCC_WARN_ABOUT_RETURN_TYPE = YES_ERROR;
				GCC_WARN_UNDECLARED_SELECTOR = YES;
				GCC_WARN_UNINITIALIZED_AUTOS = YES_AGGRESSIVE;
				GCC_WARN_UNUSED_FUNCTION = YES;
				GCC_WARN_UNUSED_VARIABLE = YES;
				IPHONEOS_DEPLOYMENT_TARGET = 16.2;
				MTL_ENABLE_DEBUG_INFO = NO;
				MTL_FAST_MATH = YES;
				SDKROOT = iphoneos;
				SWIFT_COMPILATION_MODE = wholemodule;
				SWIFT_OPTIMIZATION_LEVEL = "-O";
				VALIDATE_PRODUCT = YES;
			};
			name = Release;
		};
		C91FBE6029B7BF1C0010AB08 /* Debug */ = {
			isa = XCBuildConfiguration;
			buildSettings = {
				ASSETCATALOG_COMPILER_APPICON_NAME = AppIcon;
				ASSETCATALOG_COMPILER_GLOBAL_ACCENT_COLOR_NAME = AccentColor;
				CODE_SIGN_STYLE = Automatic;
				CURRENT_PROJECT_VERSION = 1;
				DEVELOPMENT_TEAM = KU643D986T;
				GENERATE_INFOPLIST_FILE = YES;
				INFOPLIST_FILE = Coppel/Info.plist;
				INFOPLIST_KEY_UIApplicationSupportsIndirectInputEvents = YES;
				INFOPLIST_KEY_UILaunchStoryboardName = LaunchScreen;
				INFOPLIST_KEY_UIMainStoryboardFile = Main;
				INFOPLIST_KEY_UISupportedInterfaceOrientations_iPad = "UIInterfaceOrientationPortrait UIInterfaceOrientationPortraitUpsideDown UIInterfaceOrientationLandscapeLeft UIInterfaceOrientationLandscapeRight";
				INFOPLIST_KEY_UISupportedInterfaceOrientations_iPhone = "UIInterfaceOrientationPortrait UIInterfaceOrientationLandscapeLeft UIInterfaceOrientationLandscapeRight";
				LD_RUNPATH_SEARCH_PATHS = (
					"$(inherited)",
					"@executable_path/Frameworks",
				);
				MARKETING_VERSION = 1.0;
				PRODUCT_BUNDLE_IDENTIFIER = com.jg.Coppel;
				PRODUCT_NAME = "$(TARGET_NAME)";
				SWIFT_EMIT_LOC_STRINGS = YES;
				SWIFT_VERSION = 5.0;
				TARGETED_DEVICE_FAMILY = "1,2";
			};
			name = Debug;
		};
		C91FBE6129B7BF1C0010AB08 /* Release */ = {
			isa = XCBuildConfiguration;
			buildSettings = {
				ASSETCATALOG_COMPILER_APPICON_NAME = AppIcon;
				ASSETCATALOG_COMPILER_GLOBAL_ACCENT_COLOR_NAME = AccentColor;
				CODE_SIGN_STYLE = Automatic;
				CURRENT_PROJECT_VERSION = 1;
				DEVELOPMENT_TEAM = KU643D986T;
				GENERATE_INFOPLIST_FILE = YES;
				INFOPLIST_FILE = Coppel/Info.plist;
				INFOPLIST_KEY_UIApplicationSupportsIndirectInputEvents = YES;
				INFOPLIST_KEY_UILaunchStoryboardName = LaunchScreen;
				INFOPLIST_KEY_UIMainStoryboardFile = Main;
				INFOPLIST_KEY_UISupportedInterfaceOrientations_iPad = "UIInterfaceOrientationPortrait UIInterfaceOrientationPortraitUpsideDown UIInterfaceOrientationLandscapeLeft UIInterfaceOrientationLandscapeRight";
				INFOPLIST_KEY_UISupportedInterfaceOrientations_iPhone = "UIInterfaceOrientationPortrait UIInterfaceOrientationLandscapeLeft UIInterfaceOrientationLandscapeRight";
				LD_RUNPATH_SEARCH_PATHS = (
					"$(inherited)",
					"@executable_path/Frameworks",
				);
				MARKETING_VERSION = 1.0;
				PRODUCT_BUNDLE_IDENTIFIER = com.jg.Coppel;
				PRODUCT_NAME = "$(TARGET_NAME)";
				SWIFT_EMIT_LOC_STRINGS = YES;
				SWIFT_VERSION = 5.0;
				TARGETED_DEVICE_FAMILY = "1,2";
			};
			name = Release;
		};
/* End XCBuildConfiguration section */

/* Begin XCConfigurationList section */
		C91FBE4629B7BF1A0010AB08 /* Build configuration list for PBXProject "Coppel" */ = {
			isa = XCConfigurationList;
			buildConfigurations = (
				C91FBE5D29B7BF1C0010AB08 /* Debug */,
				C91FBE5E29B7BF1C0010AB08 /* Release */,
			);
			defaultConfigurationIsVisible = 0;
			defaultConfigurationName = Release;
		};
		C91FBE5F29B7BF1C0010AB08 /* Build configuration list for PBXNativeTarget "Coppel" */ = {
			isa = XCConfigurationList;
			buildConfigurations = (
				C91FBE6029B7BF1C0010AB08 /* Debug */,
				C91FBE6129B7BF1C0010AB08 /* Release */,
			);
			defaultConfigurationIsVisible = 0;
			defaultConfigurationName = Release;
		};
/* End XCConfigurationList section */
	};
	rootObject = C91FBE4329B7BF1A0010AB08 /* Project object */;
}
